
Microsoft Visual Studio Solution File, Format Version 12.00
# Visual Studio Version 16
VisualStudioVersion = 16.0.30503.244
MinimumVisualStudioVersion = 10.0.40219.1
Project("{FAE04EC0-301F-11D3-BF4B-00C04F79EFBC}") = "NetCore3-1", "NetCore3-1\NetCore3-1.csproj", "{319D2AAC-35C9-4522-BE0C-7CDE72C11042}"
EndProject
Global
	GlobalSection(SolutionConfigurationPlatforms) = preSolution
		Debug|Any CPU = Debug|Any CPU
		Release|Any CPU = Release|Any CPU
	EndGlobalSection
	GlobalSection(ProjectConfigurationPlatforms) = postSolution
		{319D2AAC-35C9-4522-BE0C-7CDE72C11042}.Debug|Any CPU.ActiveCfg = Debug|Any CPU
		{319D2AAC-35C9-4522-BE0C-7CDE72C11042}.Debug|Any CPU.Build.0 = Debug|Any CPU
		{319D2AAC-35C9-4522-BE0C-7CDE72C11042}.Release|Any CPU.ActiveCfg = Release|Any CPU
		{319D2AAC-35C9-4522-BE0C-7CDE72C11042}.Release|Any CPU.Build.0 = Release|Any CPU
	EndGlobalSection
	GlobalSection(SolutionProperties) = preSolution
		HideSolutionNode = FALSE
	EndGlobalSection
	GlobalSection(ExtensibilityGlobals) = postSolution
		SolutionGuid = {C7A59693-D928-46DD-AEAB-20C3D305C35D}
	EndGlobalSection
EndGlobal
